
Microsoft Visual Studio Solution File, Format Version 12.00
# Visual Studio Version 16
VisualStudioVersion = 16.0.31025.194
MinimumVisualStudioVersion = 10.0.40219.1
Project("{159641D6-6404-4A2A-AE62-294DE0FE8301}") = "NS-DB2DW", "NS-DB2DW.dtproj", "{2DE26767-822A-4D67-96B5-630264A090A1}"
EndProject
Global
	GlobalSection(SolutionConfigurationPlatforms) = preSolution
		Development|Default = Development|Default
	EndGlobalSection
	GlobalSection(ProjectConfigurationPlatforms) = postSolution
		{2DE26767-822A-4D67-96B5-630264A090A1}.Development|Default.ActiveCfg = Development
		{2DE26767-822A-4D67-96B5-630264A090A1}.Development|Default.Build.0 = Development
	EndGlobalSection
	GlobalSection(SolutionProperties) = preSolution
		HideSolutionNode = FALSE
	EndGlobalSection
	GlobalSection(ExtensibilityGlobals) = postSolution
		SolutionGuid = {7B3A022C-9172-4CE7-8801-C17D1BB559E9}
	EndGlobalSection
EndGlobal
